// !$*UTF8*$!
{
	archiveVersion = 1;
	classes = {
	};
	objectVersion = 50;
	objects = {

/* Begin PBXBuildFile section */
		2EA54883213060EE00159821 /* DownloadManager.m in Sources */ = {isa = PBXBuildFile; fileRef = 2EA54882213060EE00159821 /* DownloadManager.m */; };
		DA4684F121303DC600BCC31A /* AppDelegate.swift in Sources */ = {isa = PBXBuildFile; fileRef = DA4684F021303DC600BCC31A /* AppDelegate.swift */; };
		DA4684F621303DC600BCC31A /* Main.storyboard in Resources */ = {isa = PBXBuildFile; fileRef = DA4684F421303DC600BCC31A /* Main.storyboard */; };
		DA4684F921303DC600BCC31A /* Giphy.xcdatamodeld in Sources */ = {isa = PBXBuildFile; fileRef = DA4684F721303DC600BCC31A /* Giphy.xcdatamodeld */; };
		DA4684FB21303DC700BCC31A /* Assets.xcassets in Resources */ = {isa = PBXBuildFile; fileRef = DA4684FA21303DC700BCC31A /* Assets.xcassets */; };
		DA4684FE21303DC700BCC31A /* LaunchScreen.storyboard in Resources */ = {isa = PBXBuildFile; fileRef = DA4684FC21303DC700BCC31A /* LaunchScreen.storyboard */; };
		DA46850921303DC700BCC31A /* GiphyTests.swift in Sources */ = {isa = PBXBuildFile; fileRef = DA46850821303DC700BCC31A /* GiphyTests.swift */; };
		DA46852421303F1800BCC31A /* MainViewController.m in Sources */ = {isa = PBXBuildFile; fileRef = DA46852321303F1800BCC31A /* MainViewController.m */; };
		DA468527213040BB00BCC31A /* MainViewController+CollectionView.m in Sources */ = {isa = PBXBuildFile; fileRef = DA468526213040BB00BCC31A /* MainViewController+CollectionView.m */; };
		DA46852E2130417700BCC31A /* GiphyCollectionViewLayout.m in Sources */ = {isa = PBXBuildFile; fileRef = DA46852D2130417700BCC31A /* GiphyCollectionViewLayout.m */; };
		DA468531213041B300BCC31A /* MainViewController+GiphyCollectionViewLayout.m in Sources */ = {isa = PBXBuildFile; fileRef = DA468530213041B300BCC31A /* MainViewController+GiphyCollectionViewLayout.m */; };
		DA46853421304B9F00BCC31A /* UIColor+ThemeColors.m in Sources */ = {isa = PBXBuildFile; fileRef = DA46853321304B9F00BCC31A /* UIColor+ThemeColors.m */; };
		DA46853821306E5400BCC31A /* GiphyService.swift in Sources */ = {isa = PBXBuildFile; fileRef = DA46853721306E5400BCC31A /* GiphyService.swift */; };
		DA46853A21306EC600BCC31A /* GiphyServiceTests.swift in Sources */ = {isa = PBXBuildFile; fileRef = DA46853921306EC600BCC31A /* GiphyServiceTests.swift */; };
		DA4685452130770300BCC31A /* ParserService.swift in Sources */ = {isa = PBXBuildFile; fileRef = DA4685442130770300BCC31A /* ParserService.swift */; };
		DA50C2522135560A00F06FDE /* SettingsTableViewController.m in Sources */ = {isa = PBXBuildFile; fileRef = DA50C2512135560A00F06FDE /* SettingsTableViewController.m */; };
		DA50C255213574A700F06FDE /* Rating.swift in Sources */ = {isa = PBXBuildFile; fileRef = DA50C254213574A700F06FDE /* Rating.swift */; };
		DA50C25721357CCC00F06FDE /* SettingsViewPresenter.swift in Sources */ = {isa = PBXBuildFile; fileRef = DA50C25621357CCC00F06FDE /* SettingsViewPresenter.swift */; };
		DA7EB3D92133FF1C005AF12E /* SearchResultsViewPresenter.swift in Sources */ = {isa = PBXBuildFile; fileRef = DA7EB3D82133FF1C005AF12E /* SearchResultsViewPresenter.swift */; };
		DA7EB3DC213400E9005AF12E /* SearchResultsViewController+SearchResultsViewPresenterDelegate.m in Sources */ = {isa = PBXBuildFile; fileRef = DA7EB3DB213400E9005AF12E /* SearchResultsViewController+SearchResultsViewPresenterDelegate.m */; };
		DA8FC8022134244A00DE8F0D /* DetailsViewPresenter.swift in Sources */ = {isa = PBXBuildFile; fileRef = DA8FC8012134244A00DE8F0D /* DetailsViewPresenter.swift */; };
		DA8FC8052134271700DE8F0D /* DetailsViewController+DetailsViewPresenterDelegate.m in Sources */ = {isa = PBXBuildFile; fileRef = DA8FC8042134271700DE8F0D /* DetailsViewController+DetailsViewPresenterDelegate.m */; };
		DA8FC80D21342DCA00DE8F0D /* Date+Format.swift in Sources */ = {isa = PBXBuildFile; fileRef = DA8FC80C21342DCA00DE8F0D /* Date+Format.swift */; };
		DA8FC80F21342E4200DE8F0D /* String+Format.swift in Sources */ = {isa = PBXBuildFile; fileRef = DA8FC80E21342E4200DE8F0D /* String+Format.swift */; };
		EF2D44C82132E1A000E70990 /* FileManagerTests.swift in Sources */ = {isa = PBXBuildFile; fileRef = EF2D44C72132E1A000E70990 /* FileManagerTests.swift */; };
		EF72773C2131CF950036C638 /* DetailsViewController.m in Sources */ = {isa = PBXBuildFile; fileRef = EF72773B2131CF950036C638 /* DetailsViewController.m */; };
		EF7C433B213172D3009DFFE1 /* SearchResultsViewController.m in Sources */ = {isa = PBXBuildFile; fileRef = EF7C433A213172D3009DFFE1 /* SearchResultsViewController.m */; };
		EF7C433F213173D0009DFFE1 /* IdentifierConstants.m in Sources */ = {isa = PBXBuildFile; fileRef = EF7C433D213173D0009DFFE1 /* IdentifierConstants.m */; };
		EF7C434221317485009DFFE1 /* SearchResultsViewController+GiphyCollectionViewLayout.m in Sources */ = {isa = PBXBuildFile; fileRef = EF7C434121317485009DFFE1 /* SearchResultsViewController+GiphyCollectionViewLayout.m */; };
		EF7C434521317643009DFFE1 /* SearchResultsViewController+CollectionView.m in Sources */ = {isa = PBXBuildFile; fileRef = EF7C434421317643009DFFE1 /* SearchResultsViewController+CollectionView.m */; };
		EF89CDF7213338BF00721C90 /* MainViewPresenter.swift in Sources */ = {isa = PBXBuildFile; fileRef = EF89CDF6213338BF00721C90 /* MainViewPresenter.swift */; };
		EF89CDFA213339C400721C90 /* MainViewController+MainViewPresenterDelegate.m in Sources */ = {isa = PBXBuildFile; fileRef = EF89CDF9213339C400721C90 /* MainViewController+MainViewPresenterDelegate.m */; };
		EFA2008D2132A66A007A075D /* JSONParser.swift in Sources */ = {isa = PBXBuildFile; fileRef = EFA2008C2132A66A007A075D /* JSONParser.swift */; };
		EFA200922132A678007A075D /* GiphyImageMeta.swift in Sources */ = {isa = PBXBuildFile; fileRef = EFA2008E2132A678007A075D /* GiphyImageMeta.swift */; };
		EFA200932132A678007A075D /* DataSnapshot.swift in Sources */ = {isa = PBXBuildFile; fileRef = EFA2008F2132A678007A075D /* DataSnapshot.swift */; };
		EFA200942132A678007A075D /* GiphyImage.swift in Sources */ = {isa = PBXBuildFile; fileRef = EFA200902132A678007A075D /* GiphyImage.swift */; };
		EFA200952132A678007A075D /* GiphyData.swift in Sources */ = {isa = PBXBuildFile; fileRef = EFA200912132A678007A075D /* GiphyData.swift */; };
		EFA2009B2132B1EA007A075D /* GiphyFileManager.swift in Sources */ = {isa = PBXBuildFile; fileRef = EFA2009A2132B1EA007A075D /* GiphyFileManager.swift */; };
		EFA2009D2132B225007A075D /* DataService.swift in Sources */ = {isa = PBXBuildFile; fileRef = EFA2009C2132B225007A075D /* DataService.swift */; };
		EFA200A12132BE78007A075D /* UIImage+Gif.swift in Sources */ = {isa = PBXBuildFile; fileRef = EFA200A02132BE78007A075D /* UIImage+Gif.swift */; };
		EFA200A52132C4BA007A075D /* DataServiceTests.swift in Sources */ = {isa = PBXBuildFile; fileRef = EFA200A42132C4BA007A075D /* DataServiceTests.swift */; };
		EFE17AC5213152B50037F57D /* MainViewController+Appearance.m in Sources */ = {isa = PBXBuildFile; fileRef = EFE17AC4213152B50037F57D /* MainViewController+Appearance.m */; };
		EFE17AC72131582D0037F57D /* UITextField+Paddings.swift in Sources */ = {isa = PBXBuildFile; fileRef = EFE17AC62131582D0037F57D /* UITextField+Paddings.swift */; };
		EFE17ACD213164560037F57D /* GiphyCollectionViewCell.m in Sources */ = {isa = PBXBuildFile; fileRef = EFE17ACB213164560037F57D /* GiphyCollectionViewCell.m */; };
		EFE17ACE213164560037F57D /* GiphyCollectionViewCell.xib in Resources */ = {isa = PBXBuildFile; fileRef = EFE17ACC213164560037F57D /* GiphyCollectionViewCell.xib */; };
/* End PBXBuildFile section */

/* Begin PBXContainerItemProxy section */
		DA46850521303DC700BCC31A /* PBXContainerItemProxy */ = {
			isa = PBXContainerItemProxy;
			containerPortal = DA4684E521303DC600BCC31A /* Project object */;
			proxyType = 1;
			remoteGlobalIDString = DA4684EC21303DC600BCC31A;
			remoteInfo = Giphy;
		};
/* End PBXContainerItemProxy section */

/* Begin PBXFileReference section */
		2EA54881213060EE00159821 /* DownloadManager.h */ = {isa = PBXFileReference; fileEncoding = 4; lastKnownFileType = sourcecode.c.h; path = DownloadManager.h; sourceTree = "<group>"; };
		2EA54882213060EE00159821 /* DownloadManager.m */ = {isa = PBXFileReference; fileEncoding = 4; lastKnownFileType = sourcecode.c.objc; path = DownloadManager.m; sourceTree = "<group>"; };
		DA4684ED21303DC600BCC31A /* Giphy.app */ = {isa = PBXFileReference; explicitFileType = wrapper.application; includeInIndex = 0; path = Giphy.app; sourceTree = BUILT_PRODUCTS_DIR; };
		DA4684F021303DC600BCC31A /* AppDelegate.swift */ = {isa = PBXFileReference; lastKnownFileType = sourcecode.swift; path = AppDelegate.swift; sourceTree = "<group>"; };
		DA4684F521303DC600BCC31A /* Base */ = {isa = PBXFileReference; lastKnownFileType = file.storyboard; name = Base; path = Base.lproj/Main.storyboard; sourceTree = "<group>"; };
		DA4684F821303DC600BCC31A /* Giphy.xcdatamodel */ = {isa = PBXFileReference; lastKnownFileType = wrapper.xcdatamodel; path = Giphy.xcdatamodel; sourceTree = "<group>"; };
		DA4684FA21303DC700BCC31A /* Assets.xcassets */ = {isa = PBXFileReference; lastKnownFileType = folder.assetcatalog; path = Assets.xcassets; sourceTree = "<group>"; };
		DA4684FD21303DC700BCC31A /* Base */ = {isa = PBXFileReference; lastKnownFileType = file.storyboard; name = Base; path = Base.lproj/LaunchScreen.storyboard; sourceTree = "<group>"; };
		DA4684FF21303DC700BCC31A /* Info.plist */ = {isa = PBXFileReference; lastKnownFileType = text.plist.xml; path = Info.plist; sourceTree = "<group>"; };
		DA46850421303DC700BCC31A /* GiphyTests.xctest */ = {isa = PBXFileReference; explicitFileType = wrapper.cfbundle; includeInIndex = 0; path = GiphyTests.xctest; sourceTree = BUILT_PRODUCTS_DIR; };
		DA46850821303DC700BCC31A /* GiphyTests.swift */ = {isa = PBXFileReference; lastKnownFileType = sourcecode.swift; path = GiphyTests.swift; sourceTree = "<group>"; };
		DA46850A21303DC700BCC31A /* Info.plist */ = {isa = PBXFileReference; lastKnownFileType = text.plist.xml; path = Info.plist; sourceTree = "<group>"; };
		DA46851D21303E6700BCC31A /* Giphy-Bridging-Header.h */ = {isa = PBXFileReference; lastKnownFileType = sourcecode.c.h; path = "Giphy-Bridging-Header.h"; sourceTree = "<group>"; };
		DA46852221303F1800BCC31A /* MainViewController.h */ = {isa = PBXFileReference; lastKnownFileType = sourcecode.c.h; path = MainViewController.h; sourceTree = "<group>"; };
		DA46852321303F1800BCC31A /* MainViewController.m */ = {isa = PBXFileReference; lastKnownFileType = sourcecode.c.objc; path = MainViewController.m; sourceTree = "<group>"; };
		DA468525213040BB00BCC31A /* MainViewController+CollectionView.h */ = {isa = PBXFileReference; lastKnownFileType = sourcecode.c.h; path = "MainViewController+CollectionView.h"; sourceTree = "<group>"; };
		DA468526213040BB00BCC31A /* MainViewController+CollectionView.m */ = {isa = PBXFileReference; lastKnownFileType = sourcecode.c.objc; path = "MainViewController+CollectionView.m"; sourceTree = "<group>"; };
		DA46852C2130417700BCC31A /* GiphyCollectionViewLayout.h */ = {isa = PBXFileReference; lastKnownFileType = sourcecode.c.h; path = GiphyCollectionViewLayout.h; sourceTree = "<group>"; };
		DA46852D2130417700BCC31A /* GiphyCollectionViewLayout.m */ = {isa = PBXFileReference; lastKnownFileType = sourcecode.c.objc; path = GiphyCollectionViewLayout.m; sourceTree = "<group>"; };
		DA46852F213041B300BCC31A /* MainViewController+GiphyCollectionViewLayout.h */ = {isa = PBXFileReference; lastKnownFileType = sourcecode.c.h; path = "MainViewController+GiphyCollectionViewLayout.h"; sourceTree = "<group>"; };
		DA468530213041B300BCC31A /* MainViewController+GiphyCollectionViewLayout.m */ = {isa = PBXFileReference; lastKnownFileType = sourcecode.c.objc; path = "MainViewController+GiphyCollectionViewLayout.m"; sourceTree = "<group>"; };
		DA46853221304B9F00BCC31A /* UIColor+ThemeColors.h */ = {isa = PBXFileReference; lastKnownFileType = sourcecode.c.h; path = "UIColor+ThemeColors.h"; sourceTree = "<group>"; };
		DA46853321304B9F00BCC31A /* UIColor+ThemeColors.m */ = {isa = PBXFileReference; lastKnownFileType = sourcecode.c.objc; path = "UIColor+ThemeColors.m"; sourceTree = "<group>"; };
		DA46853721306E5400BCC31A /* GiphyService.swift */ = {isa = PBXFileReference; lastKnownFileType = sourcecode.swift; path = GiphyService.swift; sourceTree = "<group>"; };
		DA46853921306EC600BCC31A /* GiphyServiceTests.swift */ = {isa = PBXFileReference; lastKnownFileType = sourcecode.swift; path = GiphyServiceTests.swift; sourceTree = "<group>"; };
		DA4685442130770300BCC31A /* ParserService.swift */ = {isa = PBXFileReference; lastKnownFileType = sourcecode.swift; path = ParserService.swift; sourceTree = "<group>"; };
		DA50C2502135560A00F06FDE /* SettingsTableViewController.h */ = {isa = PBXFileReference; lastKnownFileType = sourcecode.c.h; path = SettingsTableViewController.h; sourceTree = "<group>"; };
		DA50C2512135560A00F06FDE /* SettingsTableViewController.m */ = {isa = PBXFileReference; lastKnownFileType = sourcecode.c.objc; path = SettingsTableViewController.m; sourceTree = "<group>"; };
		DA50C254213574A700F06FDE /* Rating.swift */ = {isa = PBXFileReference; lastKnownFileType = sourcecode.swift; path = Rating.swift; sourceTree = "<group>"; };
		DA50C25621357CCC00F06FDE /* SettingsViewPresenter.swift */ = {isa = PBXFileReference; lastKnownFileType = sourcecode.swift; path = SettingsViewPresenter.swift; sourceTree = "<group>"; };
		DA7EB3D82133FF1C005AF12E /* SearchResultsViewPresenter.swift */ = {isa = PBXFileReference; lastKnownFileType = sourcecode.swift; path = SearchResultsViewPresenter.swift; sourceTree = "<group>"; };
		DA7EB3DA213400E9005AF12E /* SearchResultsViewController+SearchResultsViewPresenterDelegate.h */ = {isa = PBXFileReference; lastKnownFileType = sourcecode.c.h; path = "SearchResultsViewController+SearchResultsViewPresenterDelegate.h"; sourceTree = "<group>"; };
		DA7EB3DB213400E9005AF12E /* SearchResultsViewController+SearchResultsViewPresenterDelegate.m */ = {isa = PBXFileReference; lastKnownFileType = sourcecode.c.objc; path = "SearchResultsViewController+SearchResultsViewPresenterDelegate.m"; sourceTree = "<group>"; };
		DA8FC8012134244A00DE8F0D /* DetailsViewPresenter.swift */ = {isa = PBXFileReference; lastKnownFileType = sourcecode.swift; path = DetailsViewPresenter.swift; sourceTree = "<group>"; };
		DA8FC8032134271700DE8F0D /* DetailsViewController+DetailsViewPresenterDelegate.h */ = {isa = PBXFileReference; lastKnownFileType = sourcecode.c.h; path = "DetailsViewController+DetailsViewPresenterDelegate.h"; sourceTree = "<group>"; };
		DA8FC8042134271700DE8F0D /* DetailsViewController+DetailsViewPresenterDelegate.m */ = {isa = PBXFileReference; lastKnownFileType = sourcecode.c.objc; path = "DetailsViewController+DetailsViewPresenterDelegate.m"; sourceTree = "<group>"; };
		DA8FC80C21342DCA00DE8F0D /* Date+Format.swift */ = {isa = PBXFileReference; lastKnownFileType = sourcecode.swift; path = "Date+Format.swift"; sourceTree = "<group>"; };
		DA8FC80E21342E4200DE8F0D /* String+Format.swift */ = {isa = PBXFileReference; lastKnownFileType = sourcecode.swift; path = "String+Format.swift"; sourceTree = "<group>"; };
		EF2D44C72132E1A000E70990 /* FileManagerTests.swift */ = {isa = PBXFileReference; lastKnownFileType = sourcecode.swift; path = FileManagerTests.swift; sourceTree = "<group>"; };
		EF72773A2131CF950036C638 /* DetailsViewController.h */ = {isa = PBXFileReference; lastKnownFileType = sourcecode.c.h; path = DetailsViewController.h; sourceTree = "<group>"; };
		EF72773B2131CF950036C638 /* DetailsViewController.m */ = {isa = PBXFileReference; lastKnownFileType = sourcecode.c.objc; path = DetailsViewController.m; sourceTree = "<group>"; };
		EF7C4339213172D3009DFFE1 /* SearchResultsViewController.h */ = {isa = PBXFileReference; lastKnownFileType = sourcecode.c.h; path = SearchResultsViewController.h; sourceTree = "<group>"; };
		EF7C433A213172D3009DFFE1 /* SearchResultsViewController.m */ = {isa = PBXFileReference; lastKnownFileType = sourcecode.c.objc; path = SearchResultsViewController.m; sourceTree = "<group>"; };
		EF7C433D213173D0009DFFE1 /* IdentifierConstants.m */ = {isa = PBXFileReference; fileEncoding = 4; lastKnownFileType = sourcecode.c.objc; path = IdentifierConstants.m; sourceTree = "<group>"; };
		EF7C433E213173D0009DFFE1 /* IdentifierConstants.h */ = {isa = PBXFileReference; fileEncoding = 4; lastKnownFileType = sourcecode.c.h; path = IdentifierConstants.h; sourceTree = "<group>"; };
		EF7C434021317485009DFFE1 /* SearchResultsViewController+GiphyCollectionViewLayout.h */ = {isa = PBXFileReference; lastKnownFileType = sourcecode.c.h; path = "SearchResultsViewController+GiphyCollectionViewLayout.h"; sourceTree = "<group>"; };
		EF7C434121317485009DFFE1 /* SearchResultsViewController+GiphyCollectionViewLayout.m */ = {isa = PBXFileReference; lastKnownFileType = sourcecode.c.objc; path = "SearchResultsViewController+GiphyCollectionViewLayout.m"; sourceTree = "<group>"; };
		EF7C434321317643009DFFE1 /* SearchResultsViewController+CollectionView.h */ = {isa = PBXFileReference; lastKnownFileType = sourcecode.c.h; path = "SearchResultsViewController+CollectionView.h"; sourceTree = "<group>"; };
		EF7C434421317643009DFFE1 /* SearchResultsViewController+CollectionView.m */ = {isa = PBXFileReference; lastKnownFileType = sourcecode.c.objc; path = "SearchResultsViewController+CollectionView.m"; sourceTree = "<group>"; };
		EF89CDF6213338BF00721C90 /* MainViewPresenter.swift */ = {isa = PBXFileReference; lastKnownFileType = sourcecode.swift; path = MainViewPresenter.swift; sourceTree = "<group>"; };
		EF89CDF8213339C400721C90 /* MainViewController+MainViewPresenterDelegate.h */ = {isa = PBXFileReference; lastKnownFileType = sourcecode.c.h; path = "MainViewController+MainViewPresenterDelegate.h"; sourceTree = "<group>"; };
		EF89CDF9213339C400721C90 /* MainViewController+MainViewPresenterDelegate.m */ = {isa = PBXFileReference; lastKnownFileType = sourcecode.c.objc; path = "MainViewController+MainViewPresenterDelegate.m"; sourceTree = "<group>"; };
		EFA2008C2132A66A007A075D /* JSONParser.swift */ = {isa = PBXFileReference; fileEncoding = 4; lastKnownFileType = sourcecode.swift; path = JSONParser.swift; sourceTree = "<group>"; };
		EFA2008E2132A678007A075D /* GiphyImageMeta.swift */ = {isa = PBXFileReference; fileEncoding = 4; lastKnownFileType = sourcecode.swift; path = GiphyImageMeta.swift; sourceTree = "<group>"; };
		EFA2008F2132A678007A075D /* DataSnapshot.swift */ = {isa = PBXFileReference; fileEncoding = 4; lastKnownFileType = sourcecode.swift; path = DataSnapshot.swift; sourceTree = "<group>"; };
		EFA200902132A678007A075D /* GiphyImage.swift */ = {isa = PBXFileReference; fileEncoding = 4; lastKnownFileType = sourcecode.swift; path = GiphyImage.swift; sourceTree = "<group>"; };
		EFA200912132A678007A075D /* GiphyData.swift */ = {isa = PBXFileReference; fileEncoding = 4; lastKnownFileType = sourcecode.swift; path = GiphyData.swift; sourceTree = "<group>"; };
		EFA2009A2132B1EA007A075D /* GiphyFileManager.swift */ = {isa = PBXFileReference; lastKnownFileType = sourcecode.swift; path = GiphyFileManager.swift; sourceTree = "<group>"; };
		EFA2009C2132B225007A075D /* DataService.swift */ = {isa = PBXFileReference; lastKnownFileType = sourcecode.swift; path = DataService.swift; sourceTree = "<group>"; };
		EFA200A02132BE78007A075D /* UIImage+Gif.swift */ = {isa = PBXFileReference; lastKnownFileType = sourcecode.swift; path = "UIImage+Gif.swift"; sourceTree = "<group>"; };
		EFA200A42132C4BA007A075D /* DataServiceTests.swift */ = {isa = PBXFileReference; lastKnownFileType = sourcecode.swift; path = DataServiceTests.swift; sourceTree = "<group>"; };
		EFE17AC3213152B50037F57D /* MainViewController+Appearance.h */ = {isa = PBXFileReference; lastKnownFileType = sourcecode.c.h; path = "MainViewController+Appearance.h"; sourceTree = "<group>"; };
		EFE17AC4213152B50037F57D /* MainViewController+Appearance.m */ = {isa = PBXFileReference; lastKnownFileType = sourcecode.c.objc; path = "MainViewController+Appearance.m"; sourceTree = "<group>"; };
		EFE17AC62131582D0037F57D /* UITextField+Paddings.swift */ = {isa = PBXFileReference; lastKnownFileType = sourcecode.swift; path = "UITextField+Paddings.swift"; sourceTree = "<group>"; };
		EFE17ACA213164560037F57D /* GiphyCollectionViewCell.h */ = {isa = PBXFileReference; lastKnownFileType = sourcecode.c.h; path = GiphyCollectionViewCell.h; sourceTree = "<group>"; };
		EFE17ACB213164560037F57D /* GiphyCollectionViewCell.m */ = {isa = PBXFileReference; lastKnownFileType = sourcecode.c.objc; path = GiphyCollectionViewCell.m; sourceTree = "<group>"; };
		EFE17ACC213164560037F57D /* GiphyCollectionViewCell.xib */ = {isa = PBXFileReference; lastKnownFileType = file.xib; path = GiphyCollectionViewCell.xib; sourceTree = "<group>"; };
/* End PBXFileReference section */

/* Begin PBXFrameworksBuildPhase section */
		DA4684EA21303DC600BCC31A /* Frameworks */ = {
			isa = PBXFrameworksBuildPhase;
			buildActionMask = 2147483647;
			files = (
			);
			runOnlyForDeploymentPostprocessing = 0;
		};
		DA46850121303DC700BCC31A /* Frameworks */ = {
			isa = PBXFrameworksBuildPhase;
			buildActionMask = 2147483647;
			files = (
			);
			runOnlyForDeploymentPostprocessing = 0;
		};
/* End PBXFrameworksBuildPhase section */

/* Begin PBXGroup section */
		2EA5487C2130606500159821 /* Managers */ = {
			isa = PBXGroup;
			children = (
				EFA2009A2132B1EA007A075D /* GiphyFileManager.swift */,
				2EA5487D2130608000159821 /* Downloading */,
			);
			path = Managers;
			sourceTree = "<group>";
		};
		2EA5487D2130608000159821 /* Downloading */ = {
			isa = PBXGroup;
			children = (
				2EA54881213060EE00159821 /* DownloadManager.h */,
				2EA54882213060EE00159821 /* DownloadManager.m */,
			);
			path = Downloading;
			sourceTree = "<group>";
		};
		DA4684E421303DC600BCC31A = {
			isa = PBXGroup;
			children = (
				DA4684EF21303DC600BCC31A /* Giphy */,
				DA46850721303DC700BCC31A /* GiphyTests */,
				DA4684EE21303DC600BCC31A /* Products */,
			);
			sourceTree = "<group>";
		};
		DA4684EE21303DC600BCC31A /* Products */ = {
			isa = PBXGroup;
			children = (
				DA4684ED21303DC600BCC31A /* Giphy.app */,
				DA46850421303DC700BCC31A /* GiphyTests.xctest */,
			);
			name = Products;
			sourceTree = "<group>";
		};
		DA4684EF21303DC600BCC31A /* Giphy */ = {
			isa = PBXGroup;
			children = (
				DA46853521306DFA00BCC31A /* Services */,
				2EA5487C2130606500159821 /* Managers */,
				DA468528213040FB00BCC31A /* Categories */,
				DA46851C21303E5800BCC31A /* Parsers */,
				DA46851921303E4B00BCC31A /* Models */,
				DA46851821303E3F00BCC31A /* Presenters */,
				DA46851721303E2F00BCC31A /* Controllers */,
				DA46851621303E2B00BCC31A /* Views */,
				DA46851521303E1C00BCC31A /* Storyboards */,
				DA46851421303E0600BCC31A /* Support Files */,
				DA4684FF21303DC700BCC31A /* Info.plist */,
				DA4684F721303DC600BCC31A /* Giphy.xcdatamodeld */,
				DA46851D21303E6700BCC31A /* Giphy-Bridging-Header.h */,
			);
			path = Giphy;
			sourceTree = "<group>";
		};
		DA46850721303DC700BCC31A /* GiphyTests */ = {
			isa = PBXGroup;
			children = (
				DA46850A21303DC700BCC31A /* Info.plist */,
				DA46850821303DC700BCC31A /* GiphyTests.swift */,
				DA46853921306EC600BCC31A /* GiphyServiceTests.swift */,
				EFA200A42132C4BA007A075D /* DataServiceTests.swift */,
				EF2D44C72132E1A000E70990 /* FileManagerTests.swift */,
			);
			path = GiphyTests;
			sourceTree = "<group>";
		};
		DA46851421303E0600BCC31A /* Support Files */ = {
			isa = PBXGroup;
			children = (
				DA4684F021303DC600BCC31A /* AppDelegate.swift */,
				DA4684FA21303DC700BCC31A /* Assets.xcassets */,
			);
			path = "Support Files";
			sourceTree = "<group>";
		};
		DA46851521303E1C00BCC31A /* Storyboards */ = {
			isa = PBXGroup;
			children = (
				DA4684F421303DC600BCC31A /* Main.storyboard */,
				DA4684FC21303DC700BCC31A /* LaunchScreen.storyboard */,
			);
			path = Storyboards;
			sourceTree = "<group>";
		};
		DA46851621303E2B00BCC31A /* Views */ = {
			isa = PBXGroup;
			children = (
				DA46852C2130417700BCC31A /* GiphyCollectionViewLayout.h */,
				DA46852D2130417700BCC31A /* GiphyCollectionViewLayout.m */,
				EFE17ACF213164600037F57D /* GiphyCollectionViewCell */,
			);
			path = Views;
			sourceTree = "<group>";
		};
		DA46851721303E2F00BCC31A /* Controllers */ = {
			isa = PBXGroup;
			children = (
				DA50C24F2135513E00F06FDE /* SettingViewController */,
				EF7C433C2131739B009DFFE1 /* IdentifierConstants */,
				EF7C434621318FB1009DFFE1 /* DetailsViewController */,
				EF7C43382131729C009DFFE1 /* SearchResultsViewController */,
				DA46852121303F0900BCC31A /* MainViewController */,
			);
			path = Controllers;
			sourceTree = "<group>";
		};
		DA46851821303E3F00BCC31A /* Presenters */ = {
			isa = PBXGroup;
			children = (
				EF89CDF6213338BF00721C90 /* MainViewPresenter.swift */,
				DA7EB3D82133FF1C005AF12E /* SearchResultsViewPresenter.swift */,
				DA8FC8012134244A00DE8F0D /* DetailsViewPresenter.swift */,
				DA50C25621357CCC00F06FDE /* SettingsViewPresenter.swift */,
			);
			path = Presenters;
			sourceTree = "<group>";
		};
		DA46851921303E4B00BCC31A /* Models */ = {
			isa = PBXGroup;
			children = (
				DA50C2532135741E00F06FDE /* ServiceModels */,
				EFA2008F2132A678007A075D /* DataSnapshot.swift */,
				EFA200912132A678007A075D /* GiphyData.swift */,
				EFA200902132A678007A075D /* GiphyImage.swift */,
				EFA2008E2132A678007A075D /* GiphyImageMeta.swift */,
			);
			path = Models;
			sourceTree = "<group>";
		};
		DA46851C21303E5800BCC31A /* Parsers */ = {
			isa = PBXGroup;
			children = (
				EFA2008C2132A66A007A075D /* JSONParser.swift */,
			);
			path = Parsers;
			sourceTree = "<group>";
		};
		DA46852121303F0900BCC31A /* MainViewController */ = {
			isa = PBXGroup;
			children = (
				DA46852221303F1800BCC31A /* MainViewController.h */,
				DA46852321303F1800BCC31A /* MainViewController.m */,
				DA468525213040BB00BCC31A /* MainViewController+CollectionView.h */,
				DA468526213040BB00BCC31A /* MainViewController+CollectionView.m */,
				DA46852F213041B300BCC31A /* MainViewController+GiphyCollectionViewLayout.h */,
				DA468530213041B300BCC31A /* MainViewController+GiphyCollectionViewLayout.m */,
				EFE17AC3213152B50037F57D /* MainViewController+Appearance.h */,
				EFE17AC4213152B50037F57D /* MainViewController+Appearance.m */,
				EF89CDF8213339C400721C90 /* MainViewController+MainViewPresenterDelegate.h */,
				EF89CDF9213339C400721C90 /* MainViewController+MainViewPresenterDelegate.m */,
			);
			path = MainViewController;
			sourceTree = "<group>";
		};
		DA468528213040FB00BCC31A /* Categories */ = {
			isa = PBXGroup;
			children = (
				DA46853221304B9F00BCC31A /* UIColor+ThemeColors.h */,
				DA46853321304B9F00BCC31A /* UIColor+ThemeColors.m */,
				EFE17AC62131582D0037F57D /* UITextField+Paddings.swift */,
				EFA200A02132BE78007A075D /* UIImage+Gif.swift */,
				DA8FC80C21342DCA00DE8F0D /* Date+Format.swift */,
				DA8FC80E21342E4200DE8F0D /* String+Format.swift */,
			);
			path = Categories;
			sourceTree = "<group>";
		};
		DA46853521306DFA00BCC31A /* Services */ = {
			isa = PBXGroup;
			children = (
				DA46853721306E5400BCC31A /* GiphyService.swift */,
				DA4685442130770300BCC31A /* ParserService.swift */,
				EFA2009C2132B225007A075D /* DataService.swift */,
			);
			path = Services;
			sourceTree = "<group>";
		};
		DA50C24F2135513E00F06FDE /* SettingViewController */ = {
			isa = PBXGroup;
			children = (
				DA50C2502135560A00F06FDE /* SettingsTableViewController.h */,
				DA50C2512135560A00F06FDE /* SettingsTableViewController.m */,
			);
			path = SettingViewController;
			sourceTree = "<group>";
		};
		DA50C2532135741E00F06FDE /* ServiceModels */ = {
			isa = PBXGroup;
			children = (
				DA50C254213574A700F06FDE /* Rating.swift */,
			);
			path = ServiceModels;
			sourceTree = "<group>";
		};
		EF7C43382131729C009DFFE1 /* SearchResultsViewController */ = {
			isa = PBXGroup;
			children = (
				EF7C4339213172D3009DFFE1 /* SearchResultsViewController.h */,
				EF7C433A213172D3009DFFE1 /* SearchResultsViewController.m */,
				EF7C434021317485009DFFE1 /* SearchResultsViewController+GiphyCollectionViewLayout.h */,
				EF7C434121317485009DFFE1 /* SearchResultsViewController+GiphyCollectionViewLayout.m */,
				EF7C434321317643009DFFE1 /* SearchResultsViewController+CollectionView.h */,
				EF7C434421317643009DFFE1 /* SearchResultsViewController+CollectionView.m */,
				DA7EB3DA213400E9005AF12E /* SearchResultsViewController+SearchResultsViewPresenterDelegate.h */,
				DA7EB3DB213400E9005AF12E /* SearchResultsViewController+SearchResultsViewPresenterDelegate.m */,
			);
			path = SearchResultsViewController;
			sourceTree = "<group>";
		};
		EF7C433C2131739B009DFFE1 /* IdentifierConstants */ = {
			isa = PBXGroup;
			children = (
				EF7C433E213173D0009DFFE1 /* IdentifierConstants.h */,
				EF7C433D213173D0009DFFE1 /* IdentifierConstants.m */,
			);
			path = IdentifierConstants;
			sourceTree = "<group>";
		};
		EF7C434621318FB1009DFFE1 /* DetailsViewController */ = {
			isa = PBXGroup;
			children = (
				EF72773A2131CF950036C638 /* DetailsViewController.h */,
				EF72773B2131CF950036C638 /* DetailsViewController.m */,
				DA8FC8032134271700DE8F0D /* DetailsViewController+DetailsViewPresenterDelegate.h */,
				DA8FC8042134271700DE8F0D /* DetailsViewController+DetailsViewPresenterDelegate.m */,
			);
			path = DetailsViewController;
			sourceTree = "<group>";
		};
		EFE17ACF213164600037F57D /* GiphyCollectionViewCell */ = {
			isa = PBXGroup;
			children = (
				EFE17ACA213164560037F57D /* GiphyCollectionViewCell.h */,
				EFE17ACB213164560037F57D /* GiphyCollectionViewCell.m */,
				EFE17ACC213164560037F57D /* GiphyCollectionViewCell.xib */,
			);
			path = GiphyCollectionViewCell;
			sourceTree = "<group>";
		};
/* End PBXGroup section */

/* Begin PBXNativeTarget section */
		DA4684EC21303DC600BCC31A /* Giphy */ = {
			isa = PBXNativeTarget;
			buildConfigurationList = DA46850D21303DC700BCC31A /* Build configuration list for PBXNativeTarget "Giphy" */;
			buildPhases = (
				DA4684E921303DC600BCC31A /* Sources */,
				DA4684EA21303DC600BCC31A /* Frameworks */,
				DA4684EB21303DC600BCC31A /* Resources */,
			);
			buildRules = (
			);
			dependencies = (
			);
			name = Giphy;
			productName = Giphy;
			productReference = DA4684ED21303DC600BCC31A /* Giphy.app */;
			productType = "com.apple.product-type.application";
		};
		DA46850321303DC700BCC31A /* GiphyTests */ = {
			isa = PBXNativeTarget;
			buildConfigurationList = DA46851021303DC700BCC31A /* Build configuration list for PBXNativeTarget "GiphyTests" */;
			buildPhases = (
				DA46850021303DC700BCC31A /* Sources */,
				DA46850121303DC700BCC31A /* Frameworks */,
				DA46850221303DC700BCC31A /* Resources */,
			);
			buildRules = (
			);
			dependencies = (
				DA46850621303DC700BCC31A /* PBXTargetDependency */,
			);
			name = GiphyTests;
			productName = GiphyTests;
			productReference = DA46850421303DC700BCC31A /* GiphyTests.xctest */;
			productType = "com.apple.product-type.bundle.unit-test";
		};
/* End PBXNativeTarget section */

/* Begin PBXProject section */
		DA4684E521303DC600BCC31A /* Project object */ = {
			isa = PBXProject;
			attributes = {
				LastSwiftUpdateCheck = 0940;
				LastUpgradeCheck = 0940;
				ORGANIZATIONNAME = "Viktar Semianchuk";
				TargetAttributes = {
					DA4684EC21303DC600BCC31A = {
						CreatedOnToolsVersion = 9.4.1;
						LastSwiftMigration = 0940;
					};
					DA46850321303DC700BCC31A = {
						CreatedOnToolsVersion = 9.4.1;
						TestTargetID = DA4684EC21303DC600BCC31A;
					};
				};
			};
			buildConfigurationList = DA4684E821303DC600BCC31A /* Build configuration list for PBXProject "Giphy" */;
			compatibilityVersion = "Xcode 9.3";
			developmentRegion = en;
			hasScannedForEncodings = 0;
			knownRegions = (
				en,
				Base,
			);
			mainGroup = DA4684E421303DC600BCC31A;
			productRefGroup = DA4684EE21303DC600BCC31A /* Products */;
			projectDirPath = "";
			projectRoot = "";
			targets = (
				DA4684EC21303DC600BCC31A /* Giphy */,
				DA46850321303DC700BCC31A /* GiphyTests */,
			);
		};
/* End PBXProject section */

/* Begin PBXResourcesBuildPhase section */
		DA4684EB21303DC600BCC31A /* Resources */ = {
			isa = PBXResourcesBuildPhase;
			buildActionMask = 2147483647;
			files = (
				EFE17ACE213164560037F57D /* GiphyCollectionViewCell.xib in Resources */,
				DA4684FE21303DC700BCC31A /* LaunchScreen.storyboard in Resources */,
				DA4684FB21303DC700BCC31A /* Assets.xcassets in Resources */,
				DA4684F621303DC600BCC31A /* Main.storyboard in Resources */,
			);
			runOnlyForDeploymentPostprocessing = 0;
		};
		DA46850221303DC700BCC31A /* Resources */ = {
			isa = PBXResourcesBuildPhase;
			buildActionMask = 2147483647;
			files = (
			);
			runOnlyForDeploymentPostprocessing = 0;
		};
/* End PBXResourcesBuildPhase section */

/* Begin PBXSourcesBuildPhase section */
		DA4684E921303DC600BCC31A /* Sources */ = {
			isa = PBXSourcesBuildPhase;
			buildActionMask = 2147483647;
			files = (
				DA7EB3DC213400E9005AF12E /* SearchResultsViewController+SearchResultsViewPresenterDelegate.m in Sources */,
				DA8FC80F21342E4200DE8F0D /* String+Format.swift in Sources */,
				EFE17ACD213164560037F57D /* GiphyCollectionViewCell.m in Sources */,
				EFA2008D2132A66A007A075D /* JSONParser.swift in Sources */,
				EFA200922132A678007A075D /* GiphyImageMeta.swift in Sources */,
				EFE17AC72131582D0037F57D /* UITextField+Paddings.swift in Sources */,
				EFA200A12132BE78007A075D /* UIImage+Gif.swift in Sources */,
				DA50C2522135560A00F06FDE /* SettingsTableViewController.m in Sources */,
				DA8FC80D21342DCA00DE8F0D /* Date+Format.swift in Sources */,
				EFA2009D2132B225007A075D /* DataService.swift in Sources */,
				EF7C434521317643009DFFE1 /* SearchResultsViewController+CollectionView.m in Sources */,
				DA468531213041B300BCC31A /* MainViewController+GiphyCollectionViewLayout.m in Sources */,
				EF89CDF7213338BF00721C90 /* MainViewPresenter.swift in Sources */,
				EFE17AC5213152B50037F57D /* MainViewController+Appearance.m in Sources */,
				EFA200942132A678007A075D /* GiphyImage.swift in Sources */,
				DA7EB3D92133FF1C005AF12E /* SearchResultsViewPresenter.swift in Sources */,
				EF7C433B213172D3009DFFE1 /* SearchResultsViewController.m in Sources */,
				EFA2009B2132B1EA007A075D /* GiphyFileManager.swift in Sources */,
				DA8FC8022134244A00DE8F0D /* DetailsViewPresenter.swift in Sources */,
				EF72773C2131CF950036C638 /* DetailsViewController.m in Sources */,
				DA468527213040BB00BCC31A /* MainViewController+CollectionView.m in Sources */,
				DA4684F121303DC600BCC31A /* AppDelegate.swift in Sources */,
				DA50C25721357CCC00F06FDE /* SettingsViewPresenter.swift in Sources */,
				DA8FC8052134271700DE8F0D /* DetailsViewController+DetailsViewPresenterDelegate.m in Sources */,
				DA4685452130770300BCC31A /* ParserService.swift in Sources */,
				DA50C255213574A700F06FDE /* Rating.swift in Sources */,
				EF7C434221317485009DFFE1 /* SearchResultsViewController+GiphyCollectionViewLayout.m in Sources */,
				DA46852421303F1800BCC31A /* MainViewController.m in Sources */,
				DA46853421304B9F00BCC31A /* UIColor+ThemeColors.m in Sources */,
				EFA200952132A678007A075D /* GiphyData.swift in Sources */,
				EFA200932132A678007A075D /* DataSnapshot.swift in Sources */,
				DA46852E2130417700BCC31A /* GiphyCollectionViewLayout.m in Sources */,
				EF89CDFA213339C400721C90 /* MainViewController+MainViewPresenterDelegate.m in Sources */,
				DA4684F921303DC600BCC31A /* Giphy.xcdatamodeld in Sources */,
				2EA54883213060EE00159821 /* DownloadManager.m in Sources */,
				DA46853821306E5400BCC31A /* GiphyService.swift in Sources */,
				EF7C433F213173D0009DFFE1 /* IdentifierConstants.m in Sources */,
			);
			runOnlyForDeploymentPostprocessing = 0;
		};
		DA46850021303DC700BCC31A /* Sources */ = {
			isa = PBXSourcesBuildPhase;
			buildActionMask = 2147483647;
			files = (
				EFA200A52132C4BA007A075D /* DataServiceTests.swift in Sources */,
				DA46850921303DC700BCC31A /* GiphyTests.swift in Sources */,
				DA46853A21306EC600BCC31A /* GiphyServiceTests.swift in Sources */,
				EF2D44C82132E1A000E70990 /* FileManagerTests.swift in Sources */,
			);
			runOnlyForDeploymentPostprocessing = 0;
		};
/* End PBXSourcesBuildPhase section */

/* Begin PBXTargetDependency section */
		DA46850621303DC700BCC31A /* PBXTargetDependency */ = {
			isa = PBXTargetDependency;
			target = DA4684EC21303DC600BCC31A /* Giphy */;
			targetProxy = DA46850521303DC700BCC31A /* PBXContainerItemProxy */;
		};
/* End PBXTargetDependency section */

/* Begin PBXVariantGroup section */
		DA4684F421303DC600BCC31A /* Main.storyboard */ = {
			isa = PBXVariantGroup;
			children = (
				DA4684F521303DC600BCC31A /* Base */,
			);
			name = Main.storyboard;
			sourceTree = "<group>";
		};
		DA4684FC21303DC700BCC31A /* LaunchScreen.storyboard */ = {
			isa = PBXVariantGroup;
			children = (
				DA4684FD21303DC700BCC31A /* Base */,
			);
			name = LaunchScreen.storyboard;
			sourceTree = "<group>";
		};
/* End PBXVariantGroup section */

/* Begin XCBuildConfiguration section */
		DA46850B21303DC700BCC31A /* Debug */ = {
			isa = XCBuildConfiguration;
			buildSettings = {
				ALWAYS_SEARCH_USER_PATHS = NO;
				CLANG_ANALYZER_NONNULL = YES;
				CLANG_ANALYZER_NUMBER_OBJECT_CONVERSION = YES_AGGRESSIVE;
				CLANG_CXX_LANGUAGE_STANDARD = "gnu++14";
				CLANG_CXX_LIBRARY = "libc++";
				CLANG_ENABLE_MODULES = YES;
				CLANG_ENABLE_OBJC_ARC = YES;
				CLANG_ENABLE_OBJC_WEAK = YES;
				CLANG_WARN_BLOCK_CAPTURE_AUTORELEASING = YES;
				CLANG_WARN_BOOL_CONVERSION = YES;
				CLANG_WARN_COMMA = YES;
				CLANG_WARN_CONSTANT_CONVERSION = YES;
				CLANG_WARN_DEPRECATED_OBJC_IMPLEMENTATIONS = YES;
				CLANG_WARN_DIRECT_OBJC_ISA_USAGE = YES_ERROR;
				CLANG_WARN_DOCUMENTATION_COMMENTS = YES;
				CLANG_WARN_EMPTY_BODY = YES;
				CLANG_WARN_ENUM_CONVERSION = YES;
				CLANG_WARN_INFINITE_RECURSION = YES;
				CLANG_WARN_INT_CONVERSION = YES;
				CLANG_WARN_NON_LITERAL_NULL_CONVERSION = YES;
				CLANG_WARN_OBJC_IMPLICIT_RETAIN_SELF = YES;
				CLANG_WARN_OBJC_LITERAL_CONVERSION = YES;
				CLANG_WARN_OBJC_ROOT_CLASS = YES_ERROR;
				CLANG_WARN_RANGE_LOOP_ANALYSIS = YES;
				CLANG_WARN_STRICT_PROTOTYPES = YES;
				CLANG_WARN_SUSPICIOUS_MOVE = YES;
				CLANG_WARN_UNGUARDED_AVAILABILITY = YES_AGGRESSIVE;
				CLANG_WARN_UNREACHABLE_CODE = YES;
				CLANG_WARN__DUPLICATE_METHOD_MATCH = YES;
				CODE_SIGN_IDENTITY = "iPhone Developer";
				COPY_PHASE_STRIP = NO;
				DEBUG_INFORMATION_FORMAT = dwarf;
				ENABLE_STRICT_OBJC_MSGSEND = YES;
				ENABLE_TESTABILITY = YES;
				GCC_C_LANGUAGE_STANDARD = gnu11;
				GCC_DYNAMIC_NO_PIC = NO;
				GCC_NO_COMMON_BLOCKS = YES;
				GCC_OPTIMIZATION_LEVEL = 0;
				GCC_PREPROCESSOR_DEFINITIONS = (
					"DEBUG=1",
					"$(inherited)",
				);
				GCC_WARN_64_TO_32_BIT_CONVERSION = YES;
				GCC_WARN_ABOUT_RETURN_TYPE = YES_ERROR;
				GCC_WARN_UNDECLARED_SELECTOR = YES;
				GCC_WARN_UNINITIALIZED_AUTOS = YES_AGGRESSIVE;
				GCC_WARN_UNUSED_FUNCTION = YES;
				GCC_WARN_UNUSED_VARIABLE = YES;
				IPHONEOS_DEPLOYMENT_TARGET = 11.4;
				MTL_ENABLE_DEBUG_INFO = YES;
				ONLY_ACTIVE_ARCH = YES;
				SDKROOT = iphoneos;
				SWIFT_ACTIVE_COMPILATION_CONDITIONS = DEBUG;
				SWIFT_OPTIMIZATION_LEVEL = "-Onone";
			};
			name = Debug;
		};
		DA46850C21303DC700BCC31A /* Release */ = {
			isa = XCBuildConfiguration;
			buildSettings = {
				ALWAYS_SEARCH_USER_PATHS = NO;
				CLANG_ANALYZER_NONNULL = YES;
				CLANG_ANALYZER_NUMBER_OBJECT_CONVERSION = YES_AGGRESSIVE;
				CLANG_CXX_LANGUAGE_STANDARD = "gnu++14";
				CLANG_CXX_LIBRARY = "libc++";
				CLANG_ENABLE_MODULES = YES;
				CLANG_ENABLE_OBJC_ARC = YES;
				CLANG_ENABLE_OBJC_WEAK = YES;
				CLANG_WARN_BLOCK_CAPTURE_AUTORELEASING = YES;
				CLANG_WARN_BOOL_CONVERSION = YES;
				CLANG_WARN_COMMA = YES;
				CLANG_WARN_CONSTANT_CONVERSION = YES;
				CLANG_WARN_DEPRECATED_OBJC_IMPLEMENTATIONS = YES;
				CLANG_WARN_DIRECT_OBJC_ISA_USAGE = YES_ERROR;
				CLANG_WARN_DOCUMENTATION_COMMENTS = YES;
				CLANG_WARN_EMPTY_BODY = YES;
				CLANG_WARN_ENUM_CONVERSION = YES;
				CLANG_WARN_INFINITE_RECURSION = YES;
				CLANG_WARN_INT_CONVERSION = YES;
				CLANG_WARN_NON_LITERAL_NULL_CONVERSION = YES;
				CLANG_WARN_OBJC_IMPLICIT_RETAIN_SELF = YES;
				CLANG_WARN_OBJC_LITERAL_CONVERSION = YES;
				CLANG_WARN_OBJC_ROOT_CLASS = YES_ERROR;
				CLANG_WARN_RANGE_LOOP_ANALYSIS = YES;
				CLANG_WARN_STRICT_PROTOTYPES = YES;
				CLANG_WARN_SUSPICIOUS_MOVE = YES;
				CLANG_WARN_UNGUARDED_AVAILABILITY = YES_AGGRESSIVE;
				CLANG_WARN_UNREACHABLE_CODE = YES;
				CLANG_WARN__DUPLICATE_METHOD_MATCH = YES;
				CODE_SIGN_IDENTITY = "iPhone Developer";
				COPY_PHASE_STRIP = NO;
				DEBUG_INFORMATION_FORMAT = "dwarf-with-dsym";
				ENABLE_NS_ASSERTIONS = NO;
				ENABLE_STRICT_OBJC_MSGSEND = YES;
				GCC_C_LANGUAGE_STANDARD = gnu11;
				GCC_NO_COMMON_BLOCKS = YES;
				GCC_WARN_64_TO_32_BIT_CONVERSION = YES;
				GCC_WARN_ABOUT_RETURN_TYPE = YES_ERROR;
				GCC_WARN_UNDECLARED_SELECTOR = YES;
				GCC_WARN_UNINITIALIZED_AUTOS = YES_AGGRESSIVE;
				GCC_WARN_UNUSED_FUNCTION = YES;
				GCC_WARN_UNUSED_VARIABLE = YES;
				IPHONEOS_DEPLOYMENT_TARGET = 11.4;
				MTL_ENABLE_DEBUG_INFO = NO;
				SDKROOT = iphoneos;
				SWIFT_COMPILATION_MODE = wholemodule;
				SWIFT_OPTIMIZATION_LEVEL = "-O";
				VALIDATE_PRODUCT = YES;
			};
			name = Release;
		};
		DA46850E21303DC700BCC31A /* Debug */ = {
			isa = XCBuildConfiguration;
			buildSettings = {
				ASSETCATALOG_COMPILER_APPICON_NAME = AppIcon;
				CLANG_ENABLE_MODULES = YES;
				CODE_SIGN_STYLE = Automatic;
				DEVELOPMENT_TEAM = 5M3HNT6J9D;
				INFOPLIST_FILE = Giphy/Info.plist;
				LD_RUNPATH_SEARCH_PATHS = (
					"$(inherited)",
					"@executable_path/Frameworks",
				);
				PRODUCT_BUNDLE_IDENTIFIER = com.vicmac.Giphy;
				PRODUCT_NAME = "$(TARGET_NAME)";
				SWIFT_OBJC_BRIDGING_HEADER = "Giphy/Giphy-Bridging-Header.h";
				SWIFT_OPTIMIZATION_LEVEL = "-Onone";
				SWIFT_VERSION = 4.0;
				TARGETED_DEVICE_FAMILY = "1,2";
			};
			name = Debug;
		};
		DA46850F21303DC700BCC31A /* Release */ = {
			isa = XCBuildConfiguration;
			buildSettings = {
				ASSETCATALOG_COMPILER_APPICON_NAME = AppIcon;
				CLANG_ENABLE_MODULES = YES;
				CODE_SIGN_STYLE = Automatic;
				DEVELOPMENT_TEAM = 5M3HNT6J9D;
				INFOPLIST_FILE = Giphy/Info.plist;
				LD_RUNPATH_SEARCH_PATHS = (
					"$(inherited)",
					"@executable_path/Frameworks",
				);
				PRODUCT_BUNDLE_IDENTIFIER = com.vicmac.Giphy;
				PRODUCT_NAME = "$(TARGET_NAME)";
				SWIFT_OBJC_BRIDGING_HEADER = "Giphy/Giphy-Bridging-Header.h";
				SWIFT_VERSION = 4.0;
				TARGETED_DEVICE_FAMILY = "1,2";
			};
			name = Release;
		};
		DA46851121303DC700BCC31A /* Debug */ = {
			isa = XCBuildConfiguration;
			buildSettings = {
				ALWAYS_EMBED_SWIFT_STANDARD_LIBRARIES = YES;
				BUNDLE_LOADER = "$(TEST_HOST)";
				CODE_SIGN_STYLE = Automatic;
				INFOPLIST_FILE = GiphyTests/Info.plist;
				LD_RUNPATH_SEARCH_PATHS = (
					"$(inherited)",
					"@executable_path/Frameworks",
					"@loader_path/Frameworks",
				);
				PRODUCT_BUNDLE_IDENTIFIER = com.vicmac.GiphyTests;
				PRODUCT_NAME = "$(TARGET_NAME)";
				SWIFT_VERSION = 4.0;
				TARGETED_DEVICE_FAMILY = "1,2";
				TEST_HOST = "$(BUILT_PRODUCTS_DIR)/Giphy.app/Giphy";
			};
			name = Debug;
		};
		DA46851221303DC700BCC31A /* Release */ = {
			isa = XCBuildConfiguration;
			buildSettings = {
				ALWAYS_EMBED_SWIFT_STANDARD_LIBRARIES = YES;
				BUNDLE_LOADER = "$(TEST_HOST)";
				CODE_SIGN_STYLE = Automatic;
				INFOPLIST_FILE = GiphyTests/Info.plist;
				LD_RUNPATH_SEARCH_PATHS = (
					"$(inherited)",
					"@executable_path/Frameworks",
					"@loader_path/Frameworks",
				);
				PRODUCT_BUNDLE_IDENTIFIER = com.vicmac.GiphyTests;
				PRODUCT_NAME = "$(TARGET_NAME)";
				SWIFT_VERSION = 4.0;
				TARGETED_DEVICE_FAMILY = "1,2";
				TEST_HOST = "$(BUILT_PRODUCTS_DIR)/Giphy.app/Giphy";
			};
			name = Release;
		};
/* End XCBuildConfiguration section */

/* Begin XCConfigurationList section */
		DA4684E821303DC600BCC31A /* Build configuration list for PBXProject "Giphy" */ = {
			isa = XCConfigurationList;
			buildConfigurations = (
				DA46850B21303DC700BCC31A /* Debug */,
				DA46850C21303DC700BCC31A /* Release */,
			);
			defaultConfigurationIsVisible = 0;
			defaultConfigurationName = Release;
		};
		DA46850D21303DC700BCC31A /* Build configuration list for PBXNativeTarget "Giphy" */ = {
			isa = XCConfigurationList;
			buildConfigurations = (
				DA46850E21303DC700BCC31A /* Debug */,
				DA46850F21303DC700BCC31A /* Release */,
			);
			defaultConfigurationIsVisible = 0;
			defaultConfigurationName = Release;
		};
		DA46851021303DC700BCC31A /* Build configuration list for PBXNativeTarget "GiphyTests" */ = {
			isa = XCConfigurationList;
			buildConfigurations = (
				DA46851121303DC700BCC31A /* Debug */,
				DA46851221303DC700BCC31A /* Release */,
			);
			defaultConfigurationIsVisible = 0;
			defaultConfigurationName = Release;
		};
/* End XCConfigurationList section */

/* Begin XCVersionGroup section */
		DA4684F721303DC600BCC31A /* Giphy.xcdatamodeld */ = {
			isa = XCVersionGroup;
			children = (
				DA4684F821303DC600BCC31A /* Giphy.xcdatamodel */,
			);
			currentVersion = DA4684F821303DC600BCC31A /* Giphy.xcdatamodel */;
			path = Giphy.xcdatamodeld;
			sourceTree = "<group>";
			versionGroupType = wrapper.xcdatamodel;
		};
/* End XCVersionGroup section */
	};
	rootObject = DA4684E521303DC600BCC31A /* Project object */;
}
